
Microsoft Visual Studio Solution File, Format Version 12.00
# Visual Studio Version 16
VisualStudioVersion = 16.0.30114.105
MinimumVisualStudioVersion = 10.0.40219.1
Project("{FAE04EC0-301F-11D3-BF4B-00C04F79EFBC}") = "Chrome", "Chrome.csproj", "{98F6E084-F5DF-4011-BC02-13CA29B12FCF}"
EndProject
Global
	GlobalSection(SolutionConfigurationPlatforms) = preSolution
		Debug|Any CPU = Debug|Any CPU
		Release|Any CPU = Release|Any CPU
	EndGlobalSection
	GlobalSection(ProjectConfigurationPlatforms) = postSolution
		{98F6E084-F5DF-4011-BC02-13CA29B12FCF}.Debug|Any CPU.ActiveCfg = Debug|Any CPU
		{98F6E084-F5DF-4011-BC02-13CA29B12FCF}.Debug|Any CPU.Build.0 = Debug|Any CPU
		{98F6E084-F5DF-4011-BC02-13CA29B12FCF}.Release|Any CPU.ActiveCfg = Release|Any CPU
		{98F6E084-F5DF-4011-BC02-13CA29B12FCF}.Release|Any CPU.Build.0 = Release|Any CPU
	EndGlobalSection
	GlobalSection(SolutionProperties) = preSolution
		HideSolutionNode = FALSE
	EndGlobalSection
	GlobalSection(ExtensibilityGlobals) = postSolution
		SolutionGuid = {496C914D-205B-4C3D-95FC-AA0402197DA1}
	EndGlobalSection
EndGlobal
